
Microsoft Visual Studio Solution File, Format Version 12.00
# Visual Studio Version 16
VisualStudioVersion = 16.0.30114.105
MinimumVisualStudioVersion = 10.0.40219.1
Project("{FAE04EC0-301F-11D3-BF4B-00C04F79EFBC}") = "EA.WebApi", "WebApplication1\EA.WebApi.csproj", "{8A4B81C2-3131-498C-89F1-4F262DDC2C9D}"
EndProject
Project("{FAE04EC0-301F-11D3-BF4B-00C04F79EFBC}") = "EA.Infra", "EA.Infra\EA.Infra.csproj", "{9000B52D-6483-4D3B-8002-5A6B83D3C42D}"
EndProject
Project("{FAE04EC0-301F-11D3-BF4B-00C04F79EFBC}") = "EA.Entidade", "EA.Entidade\EA.Entidade.csproj", "{7632AAB8-2F06-47F0-8174-A85EDF9A0599}"
EndProject
Project("{FAE04EC0-301F-11D3-BF4B-00C04F79EFBC}") = "EA.Negocio", "EA.Negocio\EA.Negocio.csproj", "{85659B1C-07A7-4A9E-B3CD-20FAB1B56A5E}"
EndProject
Global
	GlobalSection(SolutionConfigurationPlatforms) = preSolution
		Debug|Any CPU = Debug|Any CPU
		Release|Any CPU = Release|Any CPU
	EndGlobalSection
	GlobalSection(ProjectConfigurationPlatforms) = postSolution
		{8A4B81C2-3131-498C-89F1-4F262DDC2C9D}.Debug|Any CPU.ActiveCfg = Debug|Any CPU
		{8A4B81C2-3131-498C-89F1-4F262DDC2C9D}.Debug|Any CPU.Build.0 = Debug|Any CPU
		{8A4B81C2-3131-498C-89F1-4F262DDC2C9D}.Release|Any CPU.ActiveCfg = Release|Any CPU
		{8A4B81C2-3131-498C-89F1-4F262DDC2C9D}.Release|Any CPU.Build.0 = Release|Any CPU
		{9000B52D-6483-4D3B-8002-5A6B83D3C42D}.Debug|Any CPU.ActiveCfg = Debug|Any CPU
		{9000B52D-6483-4D3B-8002-5A6B83D3C42D}.Debug|Any CPU.Build.0 = Debug|Any CPU
		{9000B52D-6483-4D3B-8002-5A6B83D3C42D}.Release|Any CPU.ActiveCfg = Release|Any CPU
		{9000B52D-6483-4D3B-8002-5A6B83D3C42D}.Release|Any CPU.Build.0 = Release|Any CPU
		{7632AAB8-2F06-47F0-8174-A85EDF9A0599}.Debug|Any CPU.ActiveCfg = Debug|Any CPU
		{7632AAB8-2F06-47F0-8174-A85EDF9A0599}.Debug|Any CPU.Build.0 = Debug|Any CPU
		{7632AAB8-2F06-47F0-8174-A85EDF9A0599}.Release|Any CPU.ActiveCfg = Release|Any CPU
		{7632AAB8-2F06-47F0-8174-A85EDF9A0599}.Release|Any CPU.Build.0 = Release|Any CPU
		{85659B1C-07A7-4A9E-B3CD-20FAB1B56A5E}.Debug|Any CPU.ActiveCfg = Debug|Any CPU
		{85659B1C-07A7-4A9E-B3CD-20FAB1B56A5E}.Debug|Any CPU.Build.0 = Debug|Any CPU
		{85659B1C-07A7-4A9E-B3CD-20FAB1B56A5E}.Release|Any CPU.ActiveCfg = Release|Any CPU
		{85659B1C-07A7-4A9E-B3CD-20FAB1B56A5E}.Release|Any CPU.Build.0 = Release|Any CPU
	EndGlobalSection
	GlobalSection(SolutionProperties) = preSolution
		HideSolutionNode = FALSE
	EndGlobalSection
	GlobalSection(ExtensibilityGlobals) = postSolution
		SolutionGuid = {EFD76181-0878-4F88-A600-5477F96EDF2E}
	EndGlobalSection
EndGlobal
